
Microsoft Visual Studio Solution File, Format Version 12.00
# Visual Studio Version 17
VisualStudioVersion = 17.3.32825.248
MinimumVisualStudioVersion = 10.0.40219.1
Project("{9A19103F-16F7-4668-BE54-9A1E7A4F7556}") = "DESIGN PATTERNSCRIACIONAL", "DESIGN PATTERNS - CRIACIONAL\DESIGN PATTERNSCRIACIONAL.csproj", "{A0C9BFB4-18E9-4978-8565-BD3A444A547C}"
EndProject
Project("{9A19103F-16F7-4668-BE54-9A1E7A4F7556}") = "ABSTRACT FACTORY", "ABSTRACT FACTORY\ABSTRACT FACTORY.csproj", "{36FA4F09-EB4B-4603-82D0-722CE5036ACB}"
EndProject
Project("{9A19103F-16F7-4668-BE54-9A1E7A4F7556}") = "BUILDER", "Builder\BUILDER.csproj", "{CA708450-9EE0-407B-BF42-D8E2C62D864A}"
EndProject
Project("{9A19103F-16F7-4668-BE54-9A1E7A4F7556}") = "ADAPTER", "ADAPTER\ADAPTER.csproj", "{20260381-C084-4777-BFAB-7176E739156F}"
EndProject
Project("{9A19103F-16F7-4668-BE54-9A1E7A4F7556}") = "BRIDGE", "BRIDGE\BRIDGE.csproj", "{99D3A30C-E2A8-47CC-BAF7-07E5863FFEEA}"
EndProject
Project("{FAE04EC0-301F-11D3-BF4B-00C04F79EFBC}") = "COMPORTAMENTAL", "COMPORTAMENTAL\COMPORTAMENTAL.csproj", "{3F1A5C86-B439-418E-AAB3-2F44455974B6}"
EndProject
Global
	GlobalSection(SolutionConfigurationPlatforms) = preSolution
		Debug|Any CPU = Debug|Any CPU
		Release|Any CPU = Release|Any CPU
	EndGlobalSection
	GlobalSection(ProjectConfigurationPlatforms) = postSolution
		{A0C9BFB4-18E9-4978-8565-BD3A444A547C}.Debug|Any CPU.ActiveCfg = Debug|Any CPU
		{A0C9BFB4-18E9-4978-8565-BD3A444A547C}.Debug|Any CPU.Build.0 = Debug|Any CPU
		{A0C9BFB4-18E9-4978-8565-BD3A444A547C}.Release|Any CPU.ActiveCfg = Release|Any CPU
		{A0C9BFB4-18E9-4978-8565-BD3A444A547C}.Release|Any CPU.Build.0 = Release|Any CPU
		{36FA4F09-EB4B-4603-82D0-722CE5036ACB}.Debug|Any CPU.ActiveCfg = Debug|Any CPU
		{36FA4F09-EB4B-4603-82D0-722CE5036ACB}.Debug|Any CPU.Build.0 = Debug|Any CPU
		{36FA4F09-EB4B-4603-82D0-722CE5036ACB}.Release|Any CPU.ActiveCfg = Release|Any CPU
		{36FA4F09-EB4B-4603-82D0-722CE5036ACB}.Release|Any CPU.Build.0 = Release|Any CPU
		{CA708450-9EE0-407B-BF42-D8E2C62D864A}.Debug|Any CPU.ActiveCfg = Debug|Any CPU
		{CA708450-9EE0-407B-BF42-D8E2C62D864A}.Debug|Any CPU.Build.0 = Debug|Any CPU
		{CA708450-9EE0-407B-BF42-D8E2C62D864A}.Release|Any CPU.ActiveCfg = Release|Any CPU
		{CA708450-9EE0-407B-BF42-D8E2C62D864A}.Release|Any CPU.Build.0 = Release|Any CPU
		{20260381-C084-4777-BFAB-7176E739156F}.Debug|Any CPU.ActiveCfg = Debug|Any CPU
		{20260381-C084-4777-BFAB-7176E739156F}.Debug|Any CPU.Build.0 = Debug|Any CPU
		{20260381-C084-4777-BFAB-7176E739156F}.Release|Any CPU.ActiveCfg = Release|Any CPU
		{20260381-C084-4777-BFAB-7176E739156F}.Release|Any CPU.Build.0 = Release|Any CPU
		{99D3A30C-E2A8-47CC-BAF7-07E5863FFEEA}.Debug|Any CPU.ActiveCfg = Debug|Any CPU
		{99D3A30C-E2A8-47CC-BAF7-07E5863FFEEA}.Debug|Any CPU.Build.0 = Debug|Any CPU
		{99D3A30C-E2A8-47CC-BAF7-07E5863FFEEA}.Release|Any CPU.ActiveCfg = Release|Any CPU
		{99D3A30C-E2A8-47CC-BAF7-07E5863FFEEA}.Release|Any CPU.Build.0 = Release|Any CPU
		{3F1A5C86-B439-418E-AAB3-2F44455974B6}.Debug|Any CPU.ActiveCfg = Debug|Any CPU
		{3F1A5C86-B439-418E-AAB3-2F44455974B6}.Debug|Any CPU.Build.0 = Debug|Any CPU
		{3F1A5C86-B439-418E-AAB3-2F44455974B6}.Release|Any CPU.ActiveCfg = Release|Any CPU
		{3F1A5C86-B439-418E-AAB3-2F44455974B6}.Release|Any CPU.Build.0 = Release|Any CPU
	EndGlobalSection
	GlobalSection(SolutionProperties) = preSolution
		HideSolutionNode = FALSE
	EndGlobalSection
	GlobalSection(ExtensibilityGlobals) = postSolution
		SolutionGuid = {355B1A11-5A31-444A-AA59-9F13353992C2}
	EndGlobalSection
EndGlobal
