
Microsoft Visual Studio Solution File, Format Version 12.00
# Visual Studio Version 17
VisualStudioVersion = 17.3.32825.248
MinimumVisualStudioVersion = 10.0.40219.1
Project("{FAE04EC0-301F-11D3-BF4B-00C04F79EFBC}") = "DESIGN PATTERNSCRIACIONAL", "DESIGN PATTERNS - CRIACIONAL\DESIGN PATTERNSCRIACIONAL.csproj", "{A0C9BFB4-18E9-4978-8565-BD3A444A547C}"
EndProject
Global
	GlobalSection(SolutionConfigurationPlatforms) = preSolution
		Debug|Any CPU = Debug|Any CPU
		Release|Any CPU = Release|Any CPU
	EndGlobalSection
	GlobalSection(ProjectConfigurationPlatforms) = postSolution
		{A0C9BFB4-18E9-4978-8565-BD3A444A547C}.Debug|Any CPU.ActiveCfg = Debug|Any CPU
		{A0C9BFB4-18E9-4978-8565-BD3A444A547C}.Debug|Any CPU.Build.0 = Debug|Any CPU
		{A0C9BFB4-18E9-4978-8565-BD3A444A547C}.Release|Any CPU.ActiveCfg = Release|Any CPU
		{A0C9BFB4-18E9-4978-8565-BD3A444A547C}.Release|Any CPU.Build.0 = Release|Any CPU
	EndGlobalSection
	GlobalSection(SolutionProperties) = preSolution
		HideSolutionNode = FALSE
	EndGlobalSection
	GlobalSection(ExtensibilityGlobals) = postSolution
		SolutionGuid = {355B1A11-5A31-444A-AA59-9F13353992C2}
	EndGlobalSection
EndGlobal
